// !$*UTF8*$!
{
	archiveVersion = 1;
	classes = {
	};
	objectVersion = 55;
	objects = {

/* Begin PBXBuildFile section */
		2F2ED900273D629B0047109F /* AppDelegate.swift in Sources */ = {isa = PBXBuildFile; fileRef = 2F2ED8FF273D629B0047109F /* AppDelegate.swift */; };
		2F2ED902273D629B0047109F /* SceneDelegate.swift in Sources */ = {isa = PBXBuildFile; fileRef = 2F2ED901273D629B0047109F /* SceneDelegate.swift */; };
		2F2ED909273D629D0047109F /* Assets.xcassets in Resources */ = {isa = PBXBuildFile; fileRef = 2F2ED908273D629D0047109F /* Assets.xcassets */; };
		2F2ED90C273D629D0047109F /* LaunchScreen.storyboard in Resources */ = {isa = PBXBuildFile; fileRef = 2F2ED90A273D629D0047109F /* LaunchScreen.storyboard */; };
		2F37A8FA273D6CD800E0C87D /* RxSwift in Frameworks */ = {isa = PBXBuildFile; productRef = 2F37A8F9273D6CD800E0C87D /* RxSwift */; };
		2F37A8FD273D6CF500E0C87D /* Kingfisher in Frameworks */ = {isa = PBXBuildFile; productRef = 2F37A8FC273D6CF500E0C87D /* Kingfisher */; };
		2F37A902273D6D6400E0C87D /* Movie.swift in Sources */ = {isa = PBXBuildFile; fileRef = 2F37A901273D6D6400E0C87D /* Movie.swift */; };
		2F37A91B273D709600E0C87D /* DashboardRequest.swift in Sources */ = {isa = PBXBuildFile; fileRef = 2F37A91A273D709600E0C87D /* DashboardRequest.swift */; };
		2F37A91D273D992600E0C87D /* GetPopularMoviesUseCaseResponse.swift in Sources */ = {isa = PBXBuildFile; fileRef = 2F37A91C273D992600E0C87D /* GetPopularMoviesUseCaseResponse.swift */; };
		2F37A91F273D99A900E0C87D /* GetPopularMoviesUseCase.swift in Sources */ = {isa = PBXBuildFile; fileRef = 2F37A91E273D99A900E0C87D /* GetPopularMoviesUseCase.swift */; };
		2F37A921273D99BB00E0C87D /* GetPopularMoviesUseCaseProtocol.swift in Sources */ = {isa = PBXBuildFile; fileRef = 2F37A920273D99BB00E0C87D /* GetPopularMoviesUseCaseProtocol.swift */; };
		2F37A924273D9BDB00E0C87D /* MovieDetailViewController.swift in Sources */ = {isa = PBXBuildFile; fileRef = 2F37A923273D9BDA00E0C87D /* MovieDetailViewController.swift */; };
		2F37A929273D9C1700E0C87D /* MovieDetail.swift in Sources */ = {isa = PBXBuildFile; fileRef = 2F37A928273D9C1700E0C87D /* MovieDetail.swift */; };
		2F37A92B273D9C2E00E0C87D /* MovieDetailViewModel.swift in Sources */ = {isa = PBXBuildFile; fileRef = 2F37A92A273D9C2E00E0C87D /* MovieDetailViewModel.swift */; };
		2F37A92F273D9C7500E0C87D /* GetMovieDetailUseCase.swift in Sources */ = {isa = PBXBuildFile; fileRef = 2F37A92E273D9C7500E0C87D /* GetMovieDetailUseCase.swift */; };
		2F37A931273D9C8B00E0C87D /* GetMovieDetailUseCaseResponse.swift in Sources */ = {isa = PBXBuildFile; fileRef = 2F37A930273D9C8B00E0C87D /* GetMovieDetailUseCaseResponse.swift */; };
		2F37A933273D9CA100E0C87D /* GetMovieDetailUseCaseProtocol.swift in Sources */ = {isa = PBXBuildFile; fileRef = 2F37A932273D9CA100E0C87D /* GetMovieDetailUseCaseProtocol.swift */; };
		2F37A935273D9DD600E0C87D /* DashboardService.swift in Sources */ = {isa = PBXBuildFile; fileRef = 2F37A934273D9DD600E0C87D /* DashboardService.swift */; };
		2F37A937273D9E6E00E0C87D /* DashboardServiceProtocol.swift in Sources */ = {isa = PBXBuildFile; fileRef = 2F37A936273D9E6E00E0C87D /* DashboardServiceProtocol.swift */; };
		2F37A985273DAAB100E0C87D /* libNetworking.a in Frameworks */ = {isa = PBXBuildFile; fileRef = 2F37A984273DAAB100E0C87D /* libNetworking.a */; };
		2FB90B84273D63C900F37E67 /* MainCoordinator.swift in Sources */ = {isa = PBXBuildFile; fileRef = 2FB90B83273D63C900F37E67 /* MainCoordinator.swift */; };
		2FB90B89273D649A00F37E67 /* StartViewController.swift in Sources */ = {isa = PBXBuildFile; fileRef = 2FB90B88273D649A00F37E67 /* StartViewController.swift */; };
		2FB90B8C273D64F300F37E67 /* UIImageExtensions.swift in Sources */ = {isa = PBXBuildFile; fileRef = 2FB90B8B273D64F300F37E67 /* UIImageExtensions.swift */; };
		2FB90B94273D677D00F37E67 /* DashboardViewController.swift in Sources */ = {isa = PBXBuildFile; fileRef = 2FB90B93273D677D00F37E67 /* DashboardViewController.swift */; };
		2FB90B96273D67F500F37E67 /* DashboardViewModel.swift in Sources */ = {isa = PBXBuildFile; fileRef = 2FB90B95273D67F500F37E67 /* DashboardViewModel.swift */; };
		2FC5CB07273DACAF00891756 /* libCore.a in Frameworks */ = {isa = PBXBuildFile; fileRef = 2FC5CB06273DACAF00891756 /* libCore.a */; };
/* End PBXBuildFile section */

/* Begin PBXFileReference section */
		2F2ED8FC273D629B0047109F /* Clean Architecture.app */ = {isa = PBXFileReference; explicitFileType = wrapper.application; includeInIndex = 0; path = "Clean Architecture.app"; sourceTree = BUILT_PRODUCTS_DIR; };
		2F2ED8FF273D629B0047109F /* AppDelegate.swift */ = {isa = PBXFileReference; lastKnownFileType = sourcecode.swift; path = AppDelegate.swift; sourceTree = "<group>"; };
		2F2ED901273D629B0047109F /* SceneDelegate.swift */ = {isa = PBXFileReference; lastKnownFileType = sourcecode.swift; path = SceneDelegate.swift; sourceTree = "<group>"; };
		2F2ED908273D629D0047109F /* Assets.xcassets */ = {isa = PBXFileReference; lastKnownFileType = folder.assetcatalog; path = Assets.xcassets; sourceTree = "<group>"; };
		2F2ED90B273D629D0047109F /* Base */ = {isa = PBXFileReference; lastKnownFileType = file.storyboard; name = Base; path = Base.lproj/LaunchScreen.storyboard; sourceTree = "<group>"; };
		2F2ED90D273D629D0047109F /* Info.plist */ = {isa = PBXFileReference; lastKnownFileType = text.plist.xml; path = Info.plist; sourceTree = "<group>"; };
		2F37A901273D6D6400E0C87D /* Movie.swift */ = {isa = PBXFileReference; lastKnownFileType = sourcecode.swift; path = Movie.swift; sourceTree = "<group>"; };
		2F37A91A273D709600E0C87D /* DashboardRequest.swift */ = {isa = PBXFileReference; lastKnownFileType = sourcecode.swift; path = DashboardRequest.swift; sourceTree = "<group>"; };
		2F37A91C273D992600E0C87D /* GetPopularMoviesUseCaseResponse.swift */ = {isa = PBXFileReference; lastKnownFileType = sourcecode.swift; path = GetPopularMoviesUseCaseResponse.swift; sourceTree = "<group>"; };
		2F37A91E273D99A900E0C87D /* GetPopularMoviesUseCase.swift */ = {isa = PBXFileReference; lastKnownFileType = sourcecode.swift; path = GetPopularMoviesUseCase.swift; sourceTree = "<group>"; };
		2F37A920273D99BB00E0C87D /* GetPopularMoviesUseCaseProtocol.swift */ = {isa = PBXFileReference; lastKnownFileType = sourcecode.swift; path = GetPopularMoviesUseCaseProtocol.swift; sourceTree = "<group>"; };
		2F37A923273D9BDA00E0C87D /* MovieDetailViewController.swift */ = {isa = PBXFileReference; lastKnownFileType = sourcecode.swift; path = MovieDetailViewController.swift; sourceTree = "<group>"; };
		2F37A928273D9C1700E0C87D /* MovieDetail.swift */ = {isa = PBXFileReference; lastKnownFileType = sourcecode.swift; path = MovieDetail.swift; sourceTree = "<group>"; };
		2F37A92A273D9C2E00E0C87D /* MovieDetailViewModel.swift */ = {isa = PBXFileReference; lastKnownFileType = sourcecode.swift; path = MovieDetailViewModel.swift; sourceTree = "<group>"; };
		2F37A92E273D9C7500E0C87D /* GetMovieDetailUseCase.swift */ = {isa = PBXFileReference; lastKnownFileType = sourcecode.swift; path = GetMovieDetailUseCase.swift; sourceTree = "<group>"; };
		2F37A930273D9C8B00E0C87D /* GetMovieDetailUseCaseResponse.swift */ = {isa = PBXFileReference; lastKnownFileType = sourcecode.swift; path = GetMovieDetailUseCaseResponse.swift; sourceTree = "<group>"; };
		2F37A932273D9CA100E0C87D /* GetMovieDetailUseCaseProtocol.swift */ = {isa = PBXFileReference; lastKnownFileType = sourcecode.swift; path = GetMovieDetailUseCaseProtocol.swift; sourceTree = "<group>"; };
		2F37A934273D9DD600E0C87D /* DashboardService.swift */ = {isa = PBXFileReference; lastKnownFileType = sourcecode.swift; path = DashboardService.swift; sourceTree = "<group>"; };
		2F37A936273D9E6E00E0C87D /* DashboardServiceProtocol.swift */ = {isa = PBXFileReference; lastKnownFileType = sourcecode.swift; path = DashboardServiceProtocol.swift; sourceTree = "<group>"; };
		2F37A984273DAAB100E0C87D /* libNetworking.a */ = {isa = PBXFileReference; explicitFileType = archive.ar; path = libNetworking.a; sourceTree = BUILT_PRODUCTS_DIR; };
		2FB90B83273D63C900F37E67 /* MainCoordinator.swift */ = {isa = PBXFileReference; lastKnownFileType = sourcecode.swift; path = MainCoordinator.swift; sourceTree = "<group>"; };
		2FB90B88273D649A00F37E67 /* StartViewController.swift */ = {isa = PBXFileReference; lastKnownFileType = sourcecode.swift; path = StartViewController.swift; sourceTree = "<group>"; };
		2FB90B8B273D64F300F37E67 /* UIImageExtensions.swift */ = {isa = PBXFileReference; lastKnownFileType = sourcecode.swift; path = UIImageExtensions.swift; sourceTree = "<group>"; };
		2FB90B93273D677D00F37E67 /* DashboardViewController.swift */ = {isa = PBXFileReference; lastKnownFileType = sourcecode.swift; path = DashboardViewController.swift; sourceTree = "<group>"; };
		2FB90B95273D67F500F37E67 /* DashboardViewModel.swift */ = {isa = PBXFileReference; lastKnownFileType = sourcecode.swift; path = DashboardViewModel.swift; sourceTree = "<group>"; };
		2FC5CB06273DACAF00891756 /* libCore.a */ = {isa = PBXFileReference; explicitFileType = archive.ar; path = libCore.a; sourceTree = BUILT_PRODUCTS_DIR; };
/* End PBXFileReference section */

/* Begin PBXFrameworksBuildPhase section */
		2F2ED8F9273D629B0047109F /* Frameworks */ = {
			isa = PBXFrameworksBuildPhase;
			buildActionMask = 2147483647;
			files = (
				2FC5CB07273DACAF00891756 /* libCore.a in Frameworks */,
				2F37A985273DAAB100E0C87D /* libNetworking.a in Frameworks */,
				2F37A8FD273D6CF500E0C87D /* Kingfisher in Frameworks */,
				2F37A8FA273D6CD800E0C87D /* RxSwift in Frameworks */,
			);
			runOnlyForDeploymentPostprocessing = 0;
		};
/* End PBXFrameworksBuildPhase section */

/* Begin PBXGroup section */
		2F2ED8F3273D629B0047109F = {
			isa = PBXGroup;
			children = (
				2F2ED8FE273D629B0047109F /* Clean Architecture */,
				2F2ED8FD273D629B0047109F /* Products */,
				2F37A983273DAAB100E0C87D /* Frameworks */,
			);
			sourceTree = "<group>";
		};
		2F2ED8FD273D629B0047109F /* Products */ = {
			isa = PBXGroup;
			children = (
				2F2ED8FC273D629B0047109F /* Clean Architecture.app */,
			);
			name = Products;
			sourceTree = "<group>";
		};
		2F2ED8FE273D629B0047109F /* Clean Architecture */ = {
			isa = PBXGroup;
			children = (
				2FB90B91273D65CE00F37E67 /* SupportingFiles */,
				2FB90B85273D645E00F37E67 /* Features */,
				2F2ED8FF273D629B0047109F /* AppDelegate.swift */,
				2F2ED901273D629B0047109F /* SceneDelegate.swift */,
			);
			path = "Clean Architecture";
			sourceTree = "<group>";
		};
		2F37A8FE273D6D4600E0C87D /* UI */ = {
			isa = PBXGroup;
			children = (
				2FB90B95273D67F500F37E67 /* DashboardViewModel.swift */,
				2FB90B93273D677D00F37E67 /* DashboardViewController.swift */,
			);
			path = UI;
			sourceTree = "<group>";
		};
		2F37A8FF273D6D4F00E0C87D /* Domain */ = {
			isa = PBXGroup;
			children = (
				2F37A906273D6DF600E0C87D /* UseCase */,
				2F37A900273D6D5800E0C87D /* Model */,
			);
			path = Domain;
			sourceTree = "<group>";
		};
		2F37A900273D6D5800E0C87D /* Model */ = {
			isa = PBXGroup;
			children = (
				2F37A901273D6D6400E0C87D /* Movie.swift */,
			);
			path = Model;
			sourceTree = "<group>";
		};
		2F37A906273D6DF600E0C87D /* UseCase */ = {
			isa = PBXGroup;
			children = (
				2F37A907273D6E0700E0C87D /* GetPopularMovies */,
			);
			path = UseCase;
			sourceTree = "<group>";
		};
		2F37A907273D6E0700E0C87D /* GetPopularMovies */ = {
			isa = PBXGroup;
			children = (
				2F37A91E273D99A900E0C87D /* GetPopularMoviesUseCase.swift */,
				2F37A91C273D992600E0C87D /* GetPopularMoviesUseCaseResponse.swift */,
				2F37A920273D99BB00E0C87D /* GetPopularMoviesUseCaseProtocol.swift */,
			);
			path = GetPopularMovies;
			sourceTree = "<group>";
		};
		2F37A919273D707F00E0C87D /* Service */ = {
			isa = PBXGroup;
			children = (
				2F37A91A273D709600E0C87D /* DashboardRequest.swift */,
				2F37A934273D9DD600E0C87D /* DashboardService.swift */,
				2F37A936273D9E6E00E0C87D /* DashboardServiceProtocol.swift */,
			);
			path = Service;
			sourceTree = "<group>";
		};
		2F37A922273D9BA700E0C87D /* MovieDetail */ = {
			isa = PBXGroup;
			children = (
				2F37A926273D9C0100E0C87D /* Domain */,
				2F37A925273D9BF400E0C87D /* UI */,
			);
			path = MovieDetail;
			sourceTree = "<group>";
		};
		2F37A925273D9BF400E0C87D /* UI */ = {
			isa = PBXGroup;
			children = (
				2F37A923273D9BDA00E0C87D /* MovieDetailViewController.swift */,
				2F37A92A273D9C2E00E0C87D /* MovieDetailViewModel.swift */,
			);
			path = UI;
			sourceTree = "<group>";
		};
		2F37A926273D9C0100E0C87D /* Domain */ = {
			isa = PBXGroup;
			children = (
				2F37A92C273D9C4900E0C87D /* UseCase */,
				2F37A927273D9C0700E0C87D /* Model */,
			);
			path = Domain;
			sourceTree = "<group>";
		};
		2F37A927273D9C0700E0C87D /* Model */ = {
			isa = PBXGroup;
			children = (
				2F37A928273D9C1700E0C87D /* MovieDetail.swift */,
			);
			path = Model;
			sourceTree = "<group>";
		};
		2F37A92C273D9C4900E0C87D /* UseCase */ = {
			isa = PBXGroup;
			children = (
				2F37A92D273D9C6600E0C87D /* GetMovieDetail */,
			);
			path = UseCase;
			sourceTree = "<group>";
		};
		2F37A92D273D9C6600E0C87D /* GetMovieDetail */ = {
			isa = PBXGroup;
			children = (
				2F37A92E273D9C7500E0C87D /* GetMovieDetailUseCase.swift */,
				2F37A930273D9C8B00E0C87D /* GetMovieDetailUseCaseResponse.swift */,
				2F37A932273D9CA100E0C87D /* GetMovieDetailUseCaseProtocol.swift */,
			);
			path = GetMovieDetail;
			sourceTree = "<group>";
		};
		2F37A983273DAAB100E0C87D /* Frameworks */ = {
			isa = PBXGroup;
			children = (
				2FC5CB06273DACAF00891756 /* libCore.a */,
				2F37A984273DAAB100E0C87D /* libNetworking.a */,
			);
			name = Frameworks;
			sourceTree = "<group>";
		};
		2FB90B85273D645E00F37E67 /* Features */ = {
			isa = PBXGroup;
			children = (
				2F37A922273D9BA700E0C87D /* MovieDetail */,
				2FB90B92273D675200F37E67 /* Dashboard */,
				2FB90B86273D646B00F37E67 /* Start */,
			);
			path = Features;
			sourceTree = "<group>";
		};
		2FB90B86273D646B00F37E67 /* Start */ = {
			isa = PBXGroup;
			children = (
				2FB90B90273D65A100F37E67 /* Resources */,
				2FB90B8A273D64E400F37E67 /* Image */,
				2FB90B87273D647400F37E67 /* UI */,
			);
			path = Start;
			sourceTree = "<group>";
		};
		2FB90B87273D647400F37E67 /* UI */ = {
			isa = PBXGroup;
			children = (
				2FB90B83273D63C900F37E67 /* MainCoordinator.swift */,
				2FB90B88273D649A00F37E67 /* StartViewController.swift */,
			);
			path = UI;
			sourceTree = "<group>";
		};
		2FB90B8A273D64E400F37E67 /* Image */ = {
			isa = PBXGroup;
			children = (
				2FB90B8B273D64F300F37E67 /* UIImageExtensions.swift */,
			);
			path = Image;
			sourceTree = "<group>";
		};
		2FB90B90273D65A100F37E67 /* Resources */ = {
			isa = PBXGroup;
			children = (
				2F2ED908273D629D0047109F /* Assets.xcassets */,
			);
			path = Resources;
			sourceTree = "<group>";
		};
		2FB90B91273D65CE00F37E67 /* SupportingFiles */ = {
			isa = PBXGroup;
			children = (
				2F2ED90A273D629D0047109F /* LaunchScreen.storyboard */,
				2F2ED90D273D629D0047109F /* Info.plist */,
			);
			path = SupportingFiles;
			sourceTree = "<group>";
		};
		2FB90B92273D675200F37E67 /* Dashboard */ = {
			isa = PBXGroup;
			children = (
				2F37A919273D707F00E0C87D /* Service */,
				2F37A8FF273D6D4F00E0C87D /* Domain */,
				2F37A8FE273D6D4600E0C87D /* UI */,
			);
			path = Dashboard;
			sourceTree = "<group>";
		};
/* End PBXGroup section */

/* Begin PBXNativeTarget section */
		2F2ED8FB273D629B0047109F /* Clean Architecture */ = {
			isa = PBXNativeTarget;
			buildConfigurationList = 2F2ED910273D629D0047109F /* Build configuration list for PBXNativeTarget "Clean Architecture" */;
			buildPhases = (
				2F2ED8F8273D629B0047109F /* Sources */,
				2F2ED8F9273D629B0047109F /* Frameworks */,
				2F2ED8FA273D629B0047109F /* Resources */,
			);
			buildRules = (
			);
			dependencies = (
			);
			name = "Clean Architecture";
			packageProductDependencies = (
				2F37A8F9273D6CD800E0C87D /* RxSwift */,
				2F37A8FC273D6CF500E0C87D /* Kingfisher */,
			);
			productName = "Clean Architecture";
			productReference = 2F2ED8FC273D629B0047109F /* Clean Architecture.app */;
			productType = "com.apple.product-type.application";
		};
/* End PBXNativeTarget section */

/* Begin PBXProject section */
		2F2ED8F4273D629B0047109F /* Project object */ = {
			isa = PBXProject;
			attributes = {
				BuildIndependentTargetsInParallel = 1;
				LastSwiftUpdateCheck = 1300;
				LastUpgradeCheck = 1300;
				TargetAttributes = {
					2F2ED8FB273D629B0047109F = {
						CreatedOnToolsVersion = 13.0;
					};
				};
			};
			buildConfigurationList = 2F2ED8F7273D629B0047109F /* Build configuration list for PBXProject "Clean Architecture" */;
			compatibilityVersion = "Xcode 13.0";
			developmentRegion = en;
			hasScannedForEncodings = 0;
			knownRegions = (
				en,
				Base,
			);
			mainGroup = 2F2ED8F3273D629B0047109F;
			packageReferences = (
				2F37A8F8273D6CD800E0C87D /* XCRemoteSwiftPackageReference "RxSwift" */,
				2F37A8FB273D6CF500E0C87D /* XCRemoteSwiftPackageReference "Kingfisher" */,
			);
			productRefGroup = 2F2ED8FD273D629B0047109F /* Products */;
			projectDirPath = "";
			projectRoot = "";
			targets = (
				2F2ED8FB273D629B0047109F /* Clean Architecture */,
			);
		};
/* End PBXProject section */

/* Begin PBXResourcesBuildPhase section */
		2F2ED8FA273D629B0047109F /* Resources */ = {
			isa = PBXResourcesBuildPhase;
			buildActionMask = 2147483647;
			files = (
				2F2ED90C273D629D0047109F /* LaunchScreen.storyboard in Resources */,
				2F2ED909273D629D0047109F /* Assets.xcassets in Resources */,
			);
			runOnlyForDeploymentPostprocessing = 0;
		};
/* End PBXResourcesBuildPhase section */

/* Begin PBXSourcesBuildPhase section */
		2F2ED8F8273D629B0047109F /* Sources */ = {
			isa = PBXSourcesBuildPhase;
			buildActionMask = 2147483647;
			files = (
				2FB90B89273D649A00F37E67 /* StartViewController.swift in Sources */,
				2FB90B94273D677D00F37E67 /* DashboardViewController.swift in Sources */,
				2F37A931273D9C8B00E0C87D /* GetMovieDetailUseCaseResponse.swift in Sources */,
				2F37A92B273D9C2E00E0C87D /* MovieDetailViewModel.swift in Sources */,
				2F37A902273D6D6400E0C87D /* Movie.swift in Sources */,
				2F37A935273D9DD600E0C87D /* DashboardService.swift in Sources */,
				2F37A929273D9C1700E0C87D /* MovieDetail.swift in Sources */,
				2FB90B84273D63C900F37E67 /* MainCoordinator.swift in Sources */,
				2FB90B8C273D64F300F37E67 /* UIImageExtensions.swift in Sources */,
				2F37A933273D9CA100E0C87D /* GetMovieDetailUseCaseProtocol.swift in Sources */,
				2F2ED900273D629B0047109F /* AppDelegate.swift in Sources */,
				2F37A937273D9E6E00E0C87D /* DashboardServiceProtocol.swift in Sources */,
				2F2ED902273D629B0047109F /* SceneDelegate.swift in Sources */,
				2F37A924273D9BDB00E0C87D /* MovieDetailViewController.swift in Sources */,
				2F37A92F273D9C7500E0C87D /* GetMovieDetailUseCase.swift in Sources */,
				2F37A921273D99BB00E0C87D /* GetPopularMoviesUseCaseProtocol.swift in Sources */,
				2F37A91B273D709600E0C87D /* DashboardRequest.swift in Sources */,
				2F37A91D273D992600E0C87D /* GetPopularMoviesUseCaseResponse.swift in Sources */,
				2FB90B96273D67F500F37E67 /* DashboardViewModel.swift in Sources */,
				2F37A91F273D99A900E0C87D /* GetPopularMoviesUseCase.swift in Sources */,
			);
			runOnlyForDeploymentPostprocessing = 0;
		};
/* End PBXSourcesBuildPhase section */

/* Begin PBXVariantGroup section */
		2F2ED90A273D629D0047109F /* LaunchScreen.storyboard */ = {
			isa = PBXVariantGroup;
			children = (
				2F2ED90B273D629D0047109F /* Base */,
			);
			name = LaunchScreen.storyboard;
			sourceTree = "<group>";
		};
/* End PBXVariantGroup section */

/* Begin XCBuildConfiguration section */
		2F2ED90E273D629D0047109F /* Debug */ = {
			isa = XCBuildConfiguration;
			buildSettings = {
				ALWAYS_SEARCH_USER_PATHS = NO;
				CLANG_ANALYZER_NONNULL = YES;
				CLANG_ANALYZER_NUMBER_OBJECT_CONVERSION = YES_AGGRESSIVE;
				CLANG_CXX_LANGUAGE_STANDARD = "gnu++17";
				CLANG_CXX_LIBRARY = "libc++";
				CLANG_ENABLE_MODULES = YES;
				CLANG_ENABLE_OBJC_ARC = YES;
				CLANG_ENABLE_OBJC_WEAK = YES;
				CLANG_WARN_BLOCK_CAPTURE_AUTORELEASING = YES;
				CLANG_WARN_BOOL_CONVERSION = YES;
				CLANG_WARN_COMMA = YES;
				CLANG_WARN_CONSTANT_CONVERSION = YES;
				CLANG_WARN_DEPRECATED_OBJC_IMPLEMENTATIONS = YES;
				CLANG_WARN_DIRECT_OBJC_ISA_USAGE = YES_ERROR;
				CLANG_WARN_DOCUMENTATION_COMMENTS = YES;
				CLANG_WARN_EMPTY_BODY = YES;
				CLANG_WARN_ENUM_CONVERSION = YES;
				CLANG_WARN_INFINITE_RECURSION = YES;
				CLANG_WARN_INT_CONVERSION = YES;
				CLANG_WARN_NON_LITERAL_NULL_CONVERSION = YES;
				CLANG_WARN_OBJC_IMPLICIT_RETAIN_SELF = YES;
				CLANG_WARN_OBJC_LITERAL_CONVERSION = YES;
				CLANG_WARN_OBJC_ROOT_CLASS = YES_ERROR;
				CLANG_WARN_QUOTED_INCLUDE_IN_FRAMEWORK_HEADER = YES;
				CLANG_WARN_RANGE_LOOP_ANALYSIS = YES;
				CLANG_WARN_STRICT_PROTOTYPES = YES;
				CLANG_WARN_SUSPICIOUS_MOVE = YES;
				CLANG_WARN_UNGUARDED_AVAILABILITY = YES_AGGRESSIVE;
				CLANG_WARN_UNREACHABLE_CODE = YES;
				CLANG_WARN__DUPLICATE_METHOD_MATCH = YES;
				COPY_PHASE_STRIP = NO;
				DEBUG_INFORMATION_FORMAT = dwarf;
				ENABLE_STRICT_OBJC_MSGSEND = YES;
				ENABLE_TESTABILITY = YES;
				GCC_C_LANGUAGE_STANDARD = gnu11;
				GCC_DYNAMIC_NO_PIC = NO;
				GCC_NO_COMMON_BLOCKS = YES;
				GCC_OPTIMIZATION_LEVEL = 0;
				GCC_PREPROCESSOR_DEFINITIONS = (
					"DEBUG=1",
					"$(inherited)",
				);
				GCC_WARN_64_TO_32_BIT_CONVERSION = YES;
				GCC_WARN_ABOUT_RETURN_TYPE = YES_ERROR;
				GCC_WARN_UNDECLARED_SELECTOR = YES;
				GCC_WARN_UNINITIALIZED_AUTOS = YES_AGGRESSIVE;
				GCC_WARN_UNUSED_FUNCTION = YES;
				GCC_WARN_UNUSED_VARIABLE = YES;
				IPHONEOS_DEPLOYMENT_TARGET = 15.0;
				MTL_ENABLE_DEBUG_INFO = INCLUDE_SOURCE;
				MTL_FAST_MATH = YES;
				ONLY_ACTIVE_ARCH = YES;
				SDKROOT = iphoneos;
				SWIFT_ACTIVE_COMPILATION_CONDITIONS = DEBUG;
				SWIFT_OPTIMIZATION_LEVEL = "-Onone";
			};
			name = Debug;
		};
		2F2ED90F273D629D0047109F /* Release */ = {
			isa = XCBuildConfiguration;
			buildSettings = {
				ALWAYS_SEARCH_USER_PATHS = NO;
				CLANG_ANALYZER_NONNULL = YES;
				CLANG_ANALYZER_NUMBER_OBJECT_CONVERSION = YES_AGGRESSIVE;
				CLANG_CXX_LANGUAGE_STANDARD = "gnu++17";
				CLANG_CXX_LIBRARY = "libc++";
				CLANG_ENABLE_MODULES = YES;
				CLANG_ENABLE_OBJC_ARC = YES;
				CLANG_ENABLE_OBJC_WEAK = YES;
				CLANG_WARN_BLOCK_CAPTURE_AUTORELEASING = YES;
				CLANG_WARN_BOOL_CONVERSION = YES;
				CLANG_WARN_COMMA = YES;
				CLANG_WARN_CONSTANT_CONVERSION = YES;
				CLANG_WARN_DEPRECATED_OBJC_IMPLEMENTATIONS = YES;
				CLANG_WARN_DIRECT_OBJC_ISA_USAGE = YES_ERROR;
				CLANG_WARN_DOCUMENTATION_COMMENTS = YES;
				CLANG_WARN_EMPTY_BODY = YES;
				CLANG_WARN_ENUM_CONVERSION = YES;
				CLANG_WARN_INFINITE_RECURSION = YES;
				CLANG_WARN_INT_CONVERSION = YES;
				CLANG_WARN_NON_LITERAL_NULL_CONVERSION = YES;
				CLANG_WARN_OBJC_IMPLICIT_RETAIN_SELF = YES;
				CLANG_WARN_OBJC_LITERAL_CONVERSION = YES;
				CLANG_WARN_OBJC_ROOT_CLASS = YES_ERROR;
				CLANG_WARN_QUOTED_INCLUDE_IN_FRAMEWORK_HEADER = YES;
				CLANG_WARN_RANGE_LOOP_ANALYSIS = YES;
				CLANG_WARN_STRICT_PROTOTYPES = YES;
				CLANG_WARN_SUSPICIOUS_MOVE = YES;
				CLANG_WARN_UNGUARDED_AVAILABILITY = YES_AGGRESSIVE;
				CLANG_WARN_UNREACHABLE_CODE = YES;
				CLANG_WARN__DUPLICATE_METHOD_MATCH = YES;
				COPY_PHASE_STRIP = NO;
				DEBUG_INFORMATION_FORMAT = "dwarf-with-dsym";
				ENABLE_NS_ASSERTIONS = NO;
				ENABLE_STRICT_OBJC_MSGSEND = YES;
				GCC_C_LANGUAGE_STANDARD = gnu11;
				GCC_NO_COMMON_BLOCKS = YES;
				GCC_WARN_64_TO_32_BIT_CONVERSION = YES;
				GCC_WARN_ABOUT_RETURN_TYPE = YES_ERROR;
				GCC_WARN_UNDECLARED_SELECTOR = YES;
				GCC_WARN_UNINITIALIZED_AUTOS = YES_AGGRESSIVE;
				GCC_WARN_UNUSED_FUNCTION = YES;
				GCC_WARN_UNUSED_VARIABLE = YES;
				IPHONEOS_DEPLOYMENT_TARGET = 15.0;
				MTL_ENABLE_DEBUG_INFO = NO;
				MTL_FAST_MATH = YES;
				SDKROOT = iphoneos;
				SWIFT_COMPILATION_MODE = wholemodule;
				SWIFT_OPTIMIZATION_LEVEL = "-O";
				VALIDATE_PRODUCT = YES;
			};
			name = Release;
		};
		2F2ED911273D629D0047109F /* Debug */ = {
			isa = XCBuildConfiguration;
			buildSettings = {
				ASSETCATALOG_COMPILER_APPICON_NAME = AppIcon;
				ASSETCATALOG_COMPILER_GLOBAL_ACCENT_COLOR_NAME = AccentColor;
				CODE_SIGN_STYLE = Automatic;
				CURRENT_PROJECT_VERSION = 1;
				GENERATE_INFOPLIST_FILE = YES;
				INFOPLIST_FILE = "Clean Architecture/SupportingFiles/Info.plist";
				INFOPLIST_KEY_UIApplicationSupportsIndirectInputEvents = YES;
				INFOPLIST_KEY_UILaunchStoryboardName = LaunchScreen;
				INFOPLIST_KEY_UISupportedInterfaceOrientations_iPad = "UIInterfaceOrientationPortrait UIInterfaceOrientationPortraitUpsideDown UIInterfaceOrientationLandscapeLeft UIInterfaceOrientationLandscapeRight";
				INFOPLIST_KEY_UISupportedInterfaceOrientations_iPhone = "UIInterfaceOrientationPortrait UIInterfaceOrientationLandscapeLeft UIInterfaceOrientationLandscapeRight";
				LD_RUNPATH_SEARCH_PATHS = (
					"$(inherited)",
					"@executable_path/Frameworks",
				);
				MARKETING_VERSION = 1.0;
				PRODUCT_BUNDLE_IDENTIFIER = "com.wlad.Clean-Architecture";
				PRODUCT_NAME = "$(TARGET_NAME)";
				SWIFT_EMIT_LOC_STRINGS = YES;
				SWIFT_VERSION = 5.0;
				TARGETED_DEVICE_FAMILY = "1,2";
			};
			name = Debug;
		};
		2F2ED912273D629D0047109F /* Release */ = {
			isa = XCBuildConfiguration;
			buildSettings = {
				ASSETCATALOG_COMPILER_APPICON_NAME = AppIcon;
				ASSETCATALOG_COMPILER_GLOBAL_ACCENT_COLOR_NAME = AccentColor;
				CODE_SIGN_STYLE = Automatic;
				CURRENT_PROJECT_VERSION = 1;
				GENERATE_INFOPLIST_FILE = YES;
				INFOPLIST_FILE = "Clean Architecture/SupportingFiles/Info.plist";
				INFOPLIST_KEY_UIApplicationSupportsIndirectInputEvents = YES;
				INFOPLIST_KEY_UILaunchStoryboardName = LaunchScreen;
				INFOPLIST_KEY_UISupportedInterfaceOrientations_iPad = "UIInterfaceOrientationPortrait UIInterfaceOrientationPortraitUpsideDown UIInterfaceOrientationLandscapeLeft UIInterfaceOrientationLandscapeRight";
				INFOPLIST_KEY_UISupportedInterfaceOrientations_iPhone = "UIInterfaceOrientationPortrait UIInterfaceOrientationLandscapeLeft UIInterfaceOrientationLandscapeRight";
				LD_RUNPATH_SEARCH_PATHS = (
					"$(inherited)",
					"@executable_path/Frameworks",
				);
				MARKETING_VERSION = 1.0;
				PRODUCT_BUNDLE_IDENTIFIER = "com.wlad.Clean-Architecture";
				PRODUCT_NAME = "$(TARGET_NAME)";
				SWIFT_EMIT_LOC_STRINGS = YES;
				SWIFT_VERSION = 5.0;
				TARGETED_DEVICE_FAMILY = "1,2";
			};
			name = Release;
		};
/* End XCBuildConfiguration section */

/* Begin XCConfigurationList section */
		2F2ED8F7273D629B0047109F /* Build configuration list for PBXProject "Clean Architecture" */ = {
			isa = XCConfigurationList;
			buildConfigurations = (
				2F2ED90E273D629D0047109F /* Debug */,
				2F2ED90F273D629D0047109F /* Release */,
			);
			defaultConfigurationIsVisible = 0;
			defaultConfigurationName = Release;
		};
		2F2ED910273D629D0047109F /* Build configuration list for PBXNativeTarget "Clean Architecture" */ = {
			isa = XCConfigurationList;
			buildConfigurations = (
				2F2ED911273D629D0047109F /* Debug */,
				2F2ED912273D629D0047109F /* Release */,
			);
			defaultConfigurationIsVisible = 0;
			defaultConfigurationName = Release;
		};
/* End XCConfigurationList section */

/* Begin XCRemoteSwiftPackageReference section */
		2F37A8F8273D6CD800E0C87D /* XCRemoteSwiftPackageReference "RxSwift" */ = {
			isa = XCRemoteSwiftPackageReference;
			repositoryURL = "https://github.com/ReactiveX/RxSwift.git";
			requirement = {
				kind = upToNextMajorVersion;
				minimumVersion = 6.0.0;
			};
		};
		2F37A8FB273D6CF500E0C87D /* XCRemoteSwiftPackageReference "Kingfisher" */ = {
			isa = XCRemoteSwiftPackageReference;
			repositoryURL = "https://github.com/onevcat/Kingfisher.git";
			requirement = {
				kind = upToNextMajorVersion;
				minimumVersion = 7.0.0;
			};
		};
/* End XCRemoteSwiftPackageReference section */

/* Begin XCSwiftPackageProductDependency section */
		2F37A8F9273D6CD800E0C87D /* RxSwift */ = {
			isa = XCSwiftPackageProductDependency;
			package = 2F37A8F8273D6CD800E0C87D /* XCRemoteSwiftPackageReference "RxSwift" */;
			productName = RxSwift;
		};
		2F37A8FC273D6CF500E0C87D /* Kingfisher */ = {
			isa = XCSwiftPackageProductDependency;
			package = 2F37A8FB273D6CF500E0C87D /* XCRemoteSwiftPackageReference "Kingfisher" */;
			productName = Kingfisher;
		};
/* End XCSwiftPackageProductDependency section */
	};
	rootObject = 2F2ED8F4273D629B0047109F /* Project object */;
}
